Microsoft Visual Studio Solution File, Format Version 11.00
# Visual Studio 2010
Project("{8BC9CEB8-8B4A-11D0-8D11-00A0C91BC942}") = "prep", "http-windows\prep.vcxproj", "{65E05E35-6001-42C8-9B7C-3E014114C651}"
EndProject
Project("{8BC9CEB8-8B4A-11D0-8D11-00A0C91BC942}") = "libmpr", "http-windows\libmpr.vcxproj", "{7C176C3B-D057-4720-AF66-52D8BF6D3CB8}"
	ProjectSection(ProjectDependencies) = postProject
		{65E05E35-6001-42C8-9B7C-3E014114C651} = {65E05E35-6001-42C8-9B7C-3E014114C651}
	EndProjectSection
EndProject
Project("{8BC9CEB8-8B4A-11D0-8D11-00A0C91BC942}") = "libmprssl", "http-windows\libmprssl.vcxproj", "{D72E0FAE-CBFE-4BB0-B618-81A3FFE939F7}"
	ProjectSection(ProjectDependencies) = postProject
		{65E05E35-6001-42C8-9B7C-3E014114C651} = {65E05E35-6001-42C8-9B7C-3E014114C651}
	EndProjectSection
	ProjectSection(ProjectDependencies) = postProject
		{7C176C3B-D057-4720-AF66-52D8BF6D3CB8} = {7C176C3B-D057-4720-AF66-52D8BF6D3CB8}
	EndProjectSection
EndProject
Project("{8BC9CEB8-8B4A-11D0-8D11-00A0C91BC942}") = "makerom", "http-windows\makerom.vcxproj", "{B41496AD-3724-422D-B242-875082EDD808}"
	ProjectSection(ProjectDependencies) = postProject
		{65E05E35-6001-42C8-9B7C-3E014114C651} = {65E05E35-6001-42C8-9B7C-3E014114C651}
	EndProjectSection
	ProjectSection(ProjectDependencies) = postProject
		{7C176C3B-D057-4720-AF66-52D8BF6D3CB8} = {7C176C3B-D057-4720-AF66-52D8BF6D3CB8}
	EndProjectSection
EndProject
Project("{8BC9CEB8-8B4A-11D0-8D11-00A0C91BC942}") = "libpcre", "http-windows\libpcre.vcxproj", "{BA4698D5-9B9F-488C-B8D4-4757F335E52B}"
	ProjectSection(ProjectDependencies) = postProject
		{65E05E35-6001-42C8-9B7C-3E014114C651} = {65E05E35-6001-42C8-9B7C-3E014114C651}
	EndProjectSection
EndProject
Project("{8BC9CEB8-8B4A-11D0-8D11-00A0C91BC942}") = "libhttp", "http-windows\libhttp.vcxproj", "{BF13124B-DDFE-426C-B7E4-B517576101E5}"
	ProjectSection(ProjectDependencies) = postProject
		{65E05E35-6001-42C8-9B7C-3E014114C651} = {65E05E35-6001-42C8-9B7C-3E014114C651}
	EndProjectSection
	ProjectSection(ProjectDependencies) = postProject
		{7C176C3B-D057-4720-AF66-52D8BF6D3CB8} = {7C176C3B-D057-4720-AF66-52D8BF6D3CB8}
	EndProjectSection
	ProjectSection(ProjectDependencies) = postProject
		{BA4698D5-9B9F-488C-B8D4-4757F335E52B} = {BA4698D5-9B9F-488C-B8D4-4757F335E52B}
	EndProjectSection
EndProject
Project("{8BC9CEB8-8B4A-11D0-8D11-00A0C91BC942}") = "http", "http-windows\http.vcxproj", "{0CE7EBCE-EBC2-4A3E-B9EE-31FAFC07BF7A}"
	ProjectSection(ProjectDependencies) = postProject
		{65E05E35-6001-42C8-9B7C-3E014114C651} = {65E05E35-6001-42C8-9B7C-3E014114C651}
	EndProjectSection
	ProjectSection(ProjectDependencies) = postProject
		{BF13124B-DDFE-426C-B7E4-B517576101E5} = {BF13124B-DDFE-426C-B7E4-B517576101E5}
	EndProjectSection
EndProject

Global
	GlobalSection(SolutionConfigurationPlatforms) = preSolution
		Debug|Win32 = Debug|Win32
		Debug|x64 = Debug|x64
		Release|Win32 = Release|Win32
		Release|x64 = Release|x64
	EndGlobalSection
	GlobalSection(ProjectConfigurationPlatforms) = postSolution
{65E05E35-6001-42C8-9B7C-3E014114C651}.Debug|Win32.ActiveCfg = Debug|Win32
{65E05E35-6001-42C8-9B7C-3E014114C651}.Debug|Win32.Build.0 = Debug|Win32
{65E05E35-6001-42C8-9B7C-3E014114C651}.Debug|x64.ActiveCfg = Debug|x64
{65E05E35-6001-42C8-9B7C-3E014114C651}.Debug|x64.Build.0 = Debug|x64
{65E05E35-6001-42C8-9B7C-3E014114C651}.Release|Win32.ActiveCfg = Release|Win32
{65E05E35-6001-42C8-9B7C-3E014114C651}.Release|Win32.Build.0 = Release|Win32
{65E05E35-6001-42C8-9B7C-3E014114C651}.Release|x64.ActiveCfg = Release|x64
{65E05E35-6001-42C8-9B7C-3E014114C651}.Release|x64.Build.0 = Release|x64
{7C176C3B-D057-4720-AF66-52D8BF6D3CB8}.Debug|Win32.ActiveCfg = Debug|Win32
{7C176C3B-D057-4720-AF66-52D8BF6D3CB8}.Debug|Win32.Build.0 = Debug|Win32
{7C176C3B-D057-4720-AF66-52D8BF6D3CB8}.Debug|x64.ActiveCfg = Debug|x64
{7C176C3B-D057-4720-AF66-52D8BF6D3CB8}.Debug|x64.Build.0 = Debug|x64
{7C176C3B-D057-4720-AF66-52D8BF6D3CB8}.Release|Win32.ActiveCfg = Release|Win32
{7C176C3B-D057-4720-AF66-52D8BF6D3CB8}.Release|Win32.Build.0 = Release|Win32
{7C176C3B-D057-4720-AF66-52D8BF6D3CB8}.Release|x64.ActiveCfg = Release|x64
{7C176C3B-D057-4720-AF66-52D8BF6D3CB8}.Release|x64.Build.0 = Release|x64
{D72E0FAE-CBFE-4BB0-B618-81A3FFE939F7}.Debug|Win32.ActiveCfg = Debug|Win32
{D72E0FAE-CBFE-4BB0-B618-81A3FFE939F7}.Debug|Win32.Build.0 = Debug|Win32
{D72E0FAE-CBFE-4BB0-B618-81A3FFE939F7}.Debug|x64.ActiveCfg = Debug|x64
{D72E0FAE-CBFE-4BB0-B618-81A3FFE939F7}.Debug|x64.Build.0 = Debug|x64
{D72E0FAE-CBFE-4BB0-B618-81A3FFE939F7}.Release|Win32.ActiveCfg = Release|Win32
{D72E0FAE-CBFE-4BB0-B618-81A3FFE939F7}.Release|Win32.Build.0 = Release|Win32
{D72E0FAE-CBFE-4BB0-B618-81A3FFE939F7}.Release|x64.ActiveCfg = Release|x64
{D72E0FAE-CBFE-4BB0-B618-81A3FFE939F7}.Release|x64.Build.0 = Release|x64
{B41496AD-3724-422D-B242-875082EDD808}.Debug|Win32.ActiveCfg = Debug|Win32
{B41496AD-3724-422D-B242-875082EDD808}.Debug|Win32.Build.0 = Debug|Win32
{B41496AD-3724-422D-B242-875082EDD808}.Debug|x64.ActiveCfg = Debug|x64
{B41496AD-3724-422D-B242-875082EDD808}.Debug|x64.Build.0 = Debug|x64
{B41496AD-3724-422D-B242-875082EDD808}.Release|Win32.ActiveCfg = Release|Win32
{B41496AD-3724-422D-B242-875082EDD808}.Release|Win32.Build.0 = Release|Win32
{B41496AD-3724-422D-B242-875082EDD808}.Release|x64.ActiveCfg = Release|x64
{B41496AD-3724-422D-B242-875082EDD808}.Release|x64.Build.0 = Release|x64
{BA4698D5-9B9F-488C-B8D4-4757F335E52B}.Debug|Win32.ActiveCfg = Debug|Win32
{BA4698D5-9B9F-488C-B8D4-4757F335E52B}.Debug|Win32.Build.0 = Debug|Win32
{BA4698D5-9B9F-488C-B8D4-4757F335E52B}.Debug|x64.ActiveCfg = Debug|x64
{BA4698D5-9B9F-488C-B8D4-4757F335E52B}.Debug|x64.Build.0 = Debug|x64
{BA4698D5-9B9F-488C-B8D4-4757F335E52B}.Release|Win32.ActiveCfg = Release|Win32
{BA4698D5-9B9F-488C-B8D4-4757F335E52B}.Release|Win32.Build.0 = Release|Win32
{BA4698D5-9B9F-488C-B8D4-4757F335E52B}.Release|x64.ActiveCfg = Release|x64
{BA4698D5-9B9F-488C-B8D4-4757F335E52B}.Release|x64.Build.0 = Release|x64
{BF13124B-DDFE-426C-B7E4-B517576101E5}.Debug|Win32.ActiveCfg = Debug|Win32
{BF13124B-DDFE-426C-B7E4-B517576101E5}.Debug|Win32.Build.0 = Debug|Win32
{BF13124B-DDFE-426C-B7E4-B517576101E5}.Debug|x64.ActiveCfg = Debug|x64
{BF13124B-DDFE-426C-B7E4-B517576101E5}.Debug|x64.Build.0 = Debug|x64
{BF13124B-DDFE-426C-B7E4-B517576101E5}.Release|Win32.ActiveCfg = Release|Win32
{BF13124B-DDFE-426C-B7E4-B517576101E5}.Release|Win32.Build.0 = Release|Win32
{BF13124B-DDFE-426C-B7E4-B517576101E5}.Release|x64.ActiveCfg = Release|x64
{BF13124B-DDFE-426C-B7E4-B517576101E5}.Release|x64.Build.0 = Release|x64
{0CE7EBCE-EBC2-4A3E-B9EE-31FAFC07BF7A}.Debug|Win32.ActiveCfg = Debug|Win32
{0CE7EBCE-EBC2-4A3E-B9EE-31FAFC07BF7A}.Debug|Win32.Build.0 = Debug|Win32
{0CE7EBCE-EBC2-4A3E-B9EE-31FAFC07BF7A}.Debug|x64.ActiveCfg = Debug|x64
{0CE7EBCE-EBC2-4A3E-B9EE-31FAFC07BF7A}.Debug|x64.Build.0 = Debug|x64
{0CE7EBCE-EBC2-4A3E-B9EE-31FAFC07BF7A}.Release|Win32.ActiveCfg = Release|Win32
{0CE7EBCE-EBC2-4A3E-B9EE-31FAFC07BF7A}.Release|Win32.Build.0 = Release|Win32
{0CE7EBCE-EBC2-4A3E-B9EE-31FAFC07BF7A}.Release|x64.ActiveCfg = Release|x64
{0CE7EBCE-EBC2-4A3E-B9EE-31FAFC07BF7A}.Release|x64.Build.0 = Release|x64
EndGlobalSection

  GlobalSection(SolutionProperties) = preSolution
    HideSolutionNode = FALSE
  EndGlobalSection
EndGlobal
