Microsoft Visual Studio Solution File, Format Version 11.00
# Visual Studio 2010
Project("{8BC9CEB8-8B4A-11D0-8D11-00A0C91BC942}") = "prep", "http-windows\prep.vcxproj", "{744B8495-7101-4C77-ACC2-59FC4DDE27C7}"
EndProject
Project("{8BC9CEB8-8B4A-11D0-8D11-00A0C91BC942}") = "libmpr", "http-windows\libmpr.vcxproj", "{898E2C1E-65BB-4CE6-8505-1D107E18B50F}"
	ProjectSection(ProjectDependencies) = postProject
		{744B8495-7101-4C77-ACC2-59FC4DDE27C7} = {744B8495-7101-4C77-ACC2-59FC4DDE27C7}
	EndProjectSection
EndProject
Project("{8BC9CEB8-8B4A-11D0-8D11-00A0C91BC942}") = "libmprssl", "http-windows\libmprssl.vcxproj", "{2E9536A1-2AD1-4EE1-AF03-10E9C06EC4E1}"
	ProjectSection(ProjectDependencies) = postProject
		{744B8495-7101-4C77-ACC2-59FC4DDE27C7} = {744B8495-7101-4C77-ACC2-59FC4DDE27C7}
	EndProjectSection
	ProjectSection(ProjectDependencies) = postProject
		{898E2C1E-65BB-4CE6-8505-1D107E18B50F} = {898E2C1E-65BB-4CE6-8505-1D107E18B50F}
	EndProjectSection
EndProject
Project("{8BC9CEB8-8B4A-11D0-8D11-00A0C91BC942}") = "makerom", "http-windows\makerom.vcxproj", "{D07502C0-8C3D-4AFC-B585-25CFF9C709D0}"
	ProjectSection(ProjectDependencies) = postProject
		{744B8495-7101-4C77-ACC2-59FC4DDE27C7} = {744B8495-7101-4C77-ACC2-59FC4DDE27C7}
	EndProjectSection
	ProjectSection(ProjectDependencies) = postProject
		{898E2C1E-65BB-4CE6-8505-1D107E18B50F} = {898E2C1E-65BB-4CE6-8505-1D107E18B50F}
	EndProjectSection
EndProject
Project("{8BC9CEB8-8B4A-11D0-8D11-00A0C91BC942}") = "libpcre", "http-windows\libpcre.vcxproj", "{42D2A7DF-906E-4BAF-9432-CE3A9124CFD9}"
	ProjectSection(ProjectDependencies) = postProject
		{744B8495-7101-4C77-ACC2-59FC4DDE27C7} = {744B8495-7101-4C77-ACC2-59FC4DDE27C7}
	EndProjectSection
EndProject
Project("{8BC9CEB8-8B4A-11D0-8D11-00A0C91BC942}") = "libhttp", "http-windows\libhttp.vcxproj", "{37A646F7-44CD-4E2C-BBC1-4589BAD01502}"
	ProjectSection(ProjectDependencies) = postProject
		{744B8495-7101-4C77-ACC2-59FC4DDE27C7} = {744B8495-7101-4C77-ACC2-59FC4DDE27C7}
	EndProjectSection
	ProjectSection(ProjectDependencies) = postProject
		{898E2C1E-65BB-4CE6-8505-1D107E18B50F} = {898E2C1E-65BB-4CE6-8505-1D107E18B50F}
	EndProjectSection
	ProjectSection(ProjectDependencies) = postProject
		{42D2A7DF-906E-4BAF-9432-CE3A9124CFD9} = {42D2A7DF-906E-4BAF-9432-CE3A9124CFD9}
	EndProjectSection
	ProjectSection(ProjectDependencies) = postProject
		{2E9536A1-2AD1-4EE1-AF03-10E9C06EC4E1} = {2E9536A1-2AD1-4EE1-AF03-10E9C06EC4E1}
	EndProjectSection
EndProject
Project("{8BC9CEB8-8B4A-11D0-8D11-00A0C91BC942}") = "http", "http-windows\http.vcxproj", "{D547BDE7-ED8E-4C5C-9A84-85D77BEB805A}"
	ProjectSection(ProjectDependencies) = postProject
		{744B8495-7101-4C77-ACC2-59FC4DDE27C7} = {744B8495-7101-4C77-ACC2-59FC4DDE27C7}
	EndProjectSection
	ProjectSection(ProjectDependencies) = postProject
		{37A646F7-44CD-4E2C-BBC1-4589BAD01502} = {37A646F7-44CD-4E2C-BBC1-4589BAD01502}
	EndProjectSection
EndProject

Global
	GlobalSection(SolutionConfigurationPlatforms) = preSolution
		Debug|Win32 = Debug|Win32
		Debug|x64 = Debug|x64
		Release|Win32 = Release|Win32
		Release|x64 = Release|x64
	EndGlobalSection
	GlobalSection(ProjectConfigurationPlatforms) = postSolution
{744B8495-7101-4C77-ACC2-59FC4DDE27C7}.Debug|Win32.ActiveCfg = Debug|Win32
{744B8495-7101-4C77-ACC2-59FC4DDE27C7}.Debug|Win32.Build.0 = Debug|Win32
{744B8495-7101-4C77-ACC2-59FC4DDE27C7}.Debug|x64.ActiveCfg = Debug|x64
{744B8495-7101-4C77-ACC2-59FC4DDE27C7}.Debug|x64.Build.0 = Debug|x64
{744B8495-7101-4C77-ACC2-59FC4DDE27C7}.Release|Win32.ActiveCfg = Release|Win32
{744B8495-7101-4C77-ACC2-59FC4DDE27C7}.Release|Win32.Build.0 = Release|Win32
{744B8495-7101-4C77-ACC2-59FC4DDE27C7}.Release|x64.ActiveCfg = Release|x64
{744B8495-7101-4C77-ACC2-59FC4DDE27C7}.Release|x64.Build.0 = Release|x64
{898E2C1E-65BB-4CE6-8505-1D107E18B50F}.Debug|Win32.ActiveCfg = Debug|Win32
{898E2C1E-65BB-4CE6-8505-1D107E18B50F}.Debug|Win32.Build.0 = Debug|Win32
{898E2C1E-65BB-4CE6-8505-1D107E18B50F}.Debug|x64.ActiveCfg = Debug|x64
{898E2C1E-65BB-4CE6-8505-1D107E18B50F}.Debug|x64.Build.0 = Debug|x64
{898E2C1E-65BB-4CE6-8505-1D107E18B50F}.Release|Win32.ActiveCfg = Release|Win32
{898E2C1E-65BB-4CE6-8505-1D107E18B50F}.Release|Win32.Build.0 = Release|Win32
{898E2C1E-65BB-4CE6-8505-1D107E18B50F}.Release|x64.ActiveCfg = Release|x64
{898E2C1E-65BB-4CE6-8505-1D107E18B50F}.Release|x64.Build.0 = Release|x64
{2E9536A1-2AD1-4EE1-AF03-10E9C06EC4E1}.Debug|Win32.ActiveCfg = Debug|Win32
{2E9536A1-2AD1-4EE1-AF03-10E9C06EC4E1}.Debug|Win32.Build.0 = Debug|Win32
{2E9536A1-2AD1-4EE1-AF03-10E9C06EC4E1}.Debug|x64.ActiveCfg = Debug|x64
{2E9536A1-2AD1-4EE1-AF03-10E9C06EC4E1}.Debug|x64.Build.0 = Debug|x64
{2E9536A1-2AD1-4EE1-AF03-10E9C06EC4E1}.Release|Win32.ActiveCfg = Release|Win32
{2E9536A1-2AD1-4EE1-AF03-10E9C06EC4E1}.Release|Win32.Build.0 = Release|Win32
{2E9536A1-2AD1-4EE1-AF03-10E9C06EC4E1}.Release|x64.ActiveCfg = Release|x64
{2E9536A1-2AD1-4EE1-AF03-10E9C06EC4E1}.Release|x64.Build.0 = Release|x64
{D07502C0-8C3D-4AFC-B585-25CFF9C709D0}.Debug|Win32.ActiveCfg = Debug|Win32
{D07502C0-8C3D-4AFC-B585-25CFF9C709D0}.Debug|Win32.Build.0 = Debug|Win32
{D07502C0-8C3D-4AFC-B585-25CFF9C709D0}.Debug|x64.ActiveCfg = Debug|x64
{D07502C0-8C3D-4AFC-B585-25CFF9C709D0}.Debug|x64.Build.0 = Debug|x64
{D07502C0-8C3D-4AFC-B585-25CFF9C709D0}.Release|Win32.ActiveCfg = Release|Win32
{D07502C0-8C3D-4AFC-B585-25CFF9C709D0}.Release|Win32.Build.0 = Release|Win32
{D07502C0-8C3D-4AFC-B585-25CFF9C709D0}.Release|x64.ActiveCfg = Release|x64
{D07502C0-8C3D-4AFC-B585-25CFF9C709D0}.Release|x64.Build.0 = Release|x64
{42D2A7DF-906E-4BAF-9432-CE3A9124CFD9}.Debug|Win32.ActiveCfg = Debug|Win32
{42D2A7DF-906E-4BAF-9432-CE3A9124CFD9}.Debug|Win32.Build.0 = Debug|Win32
{42D2A7DF-906E-4BAF-9432-CE3A9124CFD9}.Debug|x64.ActiveCfg = Debug|x64
{42D2A7DF-906E-4BAF-9432-CE3A9124CFD9}.Debug|x64.Build.0 = Debug|x64
{42D2A7DF-906E-4BAF-9432-CE3A9124CFD9}.Release|Win32.ActiveCfg = Release|Win32
{42D2A7DF-906E-4BAF-9432-CE3A9124CFD9}.Release|Win32.Build.0 = Release|Win32
{42D2A7DF-906E-4BAF-9432-CE3A9124CFD9}.Release|x64.ActiveCfg = Release|x64
{42D2A7DF-906E-4BAF-9432-CE3A9124CFD9}.Release|x64.Build.0 = Release|x64
{37A646F7-44CD-4E2C-BBC1-4589BAD01502}.Debug|Win32.ActiveCfg = Debug|Win32
{37A646F7-44CD-4E2C-BBC1-4589BAD01502}.Debug|Win32.Build.0 = Debug|Win32
{37A646F7-44CD-4E2C-BBC1-4589BAD01502}.Debug|x64.ActiveCfg = Debug|x64
{37A646F7-44CD-4E2C-BBC1-4589BAD01502}.Debug|x64.Build.0 = Debug|x64
{37A646F7-44CD-4E2C-BBC1-4589BAD01502}.Release|Win32.ActiveCfg = Release|Win32
{37A646F7-44CD-4E2C-BBC1-4589BAD01502}.Release|Win32.Build.0 = Release|Win32
{37A646F7-44CD-4E2C-BBC1-4589BAD01502}.Release|x64.ActiveCfg = Release|x64
{37A646F7-44CD-4E2C-BBC1-4589BAD01502}.Release|x64.Build.0 = Release|x64
{D547BDE7-ED8E-4C5C-9A84-85D77BEB805A}.Debug|Win32.ActiveCfg = Debug|Win32
{D547BDE7-ED8E-4C5C-9A84-85D77BEB805A}.Debug|Win32.Build.0 = Debug|Win32
{D547BDE7-ED8E-4C5C-9A84-85D77BEB805A}.Debug|x64.ActiveCfg = Debug|x64
{D547BDE7-ED8E-4C5C-9A84-85D77BEB805A}.Debug|x64.Build.0 = Debug|x64
{D547BDE7-ED8E-4C5C-9A84-85D77BEB805A}.Release|Win32.ActiveCfg = Release|Win32
{D547BDE7-ED8E-4C5C-9A84-85D77BEB805A}.Release|Win32.Build.0 = Release|Win32
{D547BDE7-ED8E-4C5C-9A84-85D77BEB805A}.Release|x64.ActiveCfg = Release|x64
{D547BDE7-ED8E-4C5C-9A84-85D77BEB805A}.Release|x64.Build.0 = Release|x64
EndGlobalSection

  GlobalSection(SolutionProperties) = preSolution
    HideSolutionNode = FALSE
  EndGlobalSection
EndGlobal
