Microsoft Visual Studio Solution File, Format Version 11.00
# Visual Studio 2010
Project("{8BC9CEB8-8B4A-11D0-8D11-00A0C91BC942}") = "libmpr", "win-i686-debug\libmpr.vcxproj", "{2427D669-87FB-4FA9-A2F0-0BE3145E9700}"
EndProject
Project("{8BC9CEB8-8B4A-11D0-8D11-00A0C91BC942}") = "makerom", "win-i686-debug\makerom.vcxproj", "{BFD9E734-7788-493C-9C66-2CB09CC63200}"
	ProjectSection(ProjectDependencies) = postProject
		{2427D669-87FB-4FA9-A2F0-0BE3145E9700} = {2427D669-87FB-4FA9-A2F0-0BE3145E9700}
	EndProjectSection
EndProject
Project("{8BC9CEB8-8B4A-11D0-8D11-00A0C91BC942}") = "libpcre", "win-i686-debug\libpcre.vcxproj", "{87719D10-224A-4E46-943F-CC45E70588BC}"
EndProject
Project("{8BC9CEB8-8B4A-11D0-8D11-00A0C91BC942}") = "libhttp", "win-i686-debug\libhttp.vcxproj", "{1A3E8DFE-9785-4B0D-BFE5-384A129B4ABB}"
	ProjectSection(ProjectDependencies) = postProject
		{2427D669-87FB-4FA9-A2F0-0BE3145E9700} = {2427D669-87FB-4FA9-A2F0-0BE3145E9700}
	EndProjectSection
	ProjectSection(ProjectDependencies) = postProject
		{87719D10-224A-4E46-943F-CC45E70588BC} = {87719D10-224A-4E46-943F-CC45E70588BC}
	EndProjectSection
EndProject
Project("{8BC9CEB8-8B4A-11D0-8D11-00A0C91BC942}") = "http", "win-i686-debug\http.vcxproj", "{79B52695-198A-407D-87FA-D218A177C45E}"
	ProjectSection(ProjectDependencies) = postProject
		{1A3E8DFE-9785-4B0D-BFE5-384A129B4ABB} = {1A3E8DFE-9785-4B0D-BFE5-384A129B4ABB}
	EndProjectSection
EndProject

Global
	GlobalSection(SolutionConfigurationPlatforms) = preSolution
		Debug|Win32 = Debug|Win32
	EndGlobalSection
	GlobalSection(ProjectConfigurationPlatforms) = postSolution
{2427D669-87FB-4FA9-A2F0-0BE3145E9700}.Debug|Win32.ActiveCfg = Debug|Win32
{2427D669-87FB-4FA9-A2F0-0BE3145E9700}.Debug|Win32.Build.0 = Debug|Win32
{BFD9E734-7788-493C-9C66-2CB09CC63200}.Debug|Win32.ActiveCfg = Debug|Win32
{BFD9E734-7788-493C-9C66-2CB09CC63200}.Debug|Win32.Build.0 = Debug|Win32
{87719D10-224A-4E46-943F-CC45E70588BC}.Debug|Win32.ActiveCfg = Debug|Win32
{87719D10-224A-4E46-943F-CC45E70588BC}.Debug|Win32.Build.0 = Debug|Win32
{1A3E8DFE-9785-4B0D-BFE5-384A129B4ABB}.Debug|Win32.ActiveCfg = Debug|Win32
{1A3E8DFE-9785-4B0D-BFE5-384A129B4ABB}.Debug|Win32.Build.0 = Debug|Win32
{79B52695-198A-407D-87FA-D218A177C45E}.Debug|Win32.ActiveCfg = Debug|Win32
{79B52695-198A-407D-87FA-D218A177C45E}.Debug|Win32.Build.0 = Debug|Win32
EndGlobalSection

  GlobalSection(SolutionProperties) = preSolution
    HideSolutionNode = FALSE
  EndGlobalSection
EndGlobal
