Microsoft Visual Studio Solution File, Format Version 11.00
# Visual Studio 2010
Project("{8BC9CEB8-8B4A-11D0-8D11-00A0C91BC942}") = "libmpr", "win-i686-debug\libmpr.vcxproj", "{850F56F6-58A9-4EC2-9F1C-013FE0989688}"
EndProject
Project("{8BC9CEB8-8B4A-11D0-8D11-00A0C91BC942}") = "makerom", "win-i686-debug\makerom.vcxproj", "{7F9220B4-10C8-4A1C-A5E2-5A6644F2F01F}"
	ProjectSection(ProjectDependencies) = postProject
		{850F56F6-58A9-4EC2-9F1C-013FE0989688} = {850F56F6-58A9-4EC2-9F1C-013FE0989688}
	EndProjectSection
EndProject
Project("{8BC9CEB8-8B4A-11D0-8D11-00A0C91BC942}") = "libpcre", "win-i686-debug\libpcre.vcxproj", "{654C4347-B674-445C-B2DB-61298C45A8E9}"
EndProject
Project("{8BC9CEB8-8B4A-11D0-8D11-00A0C91BC942}") = "libhttp", "win-i686-debug\libhttp.vcxproj", "{FC0F8E0D-23A9-4172-A743-7461BD682EBF}"
	ProjectSection(ProjectDependencies) = postProject
		{850F56F6-58A9-4EC2-9F1C-013FE0989688} = {850F56F6-58A9-4EC2-9F1C-013FE0989688}
	EndProjectSection
	ProjectSection(ProjectDependencies) = postProject
		{654C4347-B674-445C-B2DB-61298C45A8E9} = {654C4347-B674-445C-B2DB-61298C45A8E9}
	EndProjectSection
EndProject
Project("{8BC9CEB8-8B4A-11D0-8D11-00A0C91BC942}") = "http", "win-i686-debug\http.vcxproj", "{41F2BF3D-C8D3-448C-9366-A5E7F66E7BC9}"
	ProjectSection(ProjectDependencies) = postProject
		{FC0F8E0D-23A9-4172-A743-7461BD682EBF} = {FC0F8E0D-23A9-4172-A743-7461BD682EBF}
	EndProjectSection
EndProject

Global
	GlobalSection(SolutionConfigurationPlatforms) = preSolution
		Debug|Win32 = Debug|Win32
	EndGlobalSection
	GlobalSection(ProjectConfigurationPlatforms) = postSolution
{850F56F6-58A9-4EC2-9F1C-013FE0989688}.Debug|Win32.ActiveCfg = Debug|Win32
{850F56F6-58A9-4EC2-9F1C-013FE0989688}.Debug|Win32.Build.0 = Debug|Win32
{7F9220B4-10C8-4A1C-A5E2-5A6644F2F01F}.Debug|Win32.ActiveCfg = Debug|Win32
{7F9220B4-10C8-4A1C-A5E2-5A6644F2F01F}.Debug|Win32.Build.0 = Debug|Win32
{654C4347-B674-445C-B2DB-61298C45A8E9}.Debug|Win32.ActiveCfg = Debug|Win32
{654C4347-B674-445C-B2DB-61298C45A8E9}.Debug|Win32.Build.0 = Debug|Win32
{FC0F8E0D-23A9-4172-A743-7461BD682EBF}.Debug|Win32.ActiveCfg = Debug|Win32
{FC0F8E0D-23A9-4172-A743-7461BD682EBF}.Debug|Win32.Build.0 = Debug|Win32
{41F2BF3D-C8D3-448C-9366-A5E7F66E7BC9}.Debug|Win32.ActiveCfg = Debug|Win32
{41F2BF3D-C8D3-448C-9366-A5E7F66E7BC9}.Debug|Win32.Build.0 = Debug|Win32
EndGlobalSection

  GlobalSection(SolutionProperties) = preSolution
    HideSolutionNode = FALSE
  EndGlobalSection
EndGlobal
