Microsoft Visual Studio Solution File, Format Version 11.00
# Visual Studio 2010
Project("{8BC9CEB8-8B4A-11D0-8D11-00A0C91BC942}") = "libmpr", "win-i686-debug\libmpr.vcxproj", "{2435E1ED-6044-43F1-B179-11AA2996A69C}"
EndProject
Project("{8BC9CEB8-8B4A-11D0-8D11-00A0C91BC942}") = "makerom", "win-i686-debug\makerom.vcxproj", "{CB63059E-BD52-45B2-B0AC-7E814223AF34}"
	ProjectSection(ProjectDependencies) = postProject
		{2435E1ED-6044-43F1-B179-11AA2996A69C} = {2435E1ED-6044-43F1-B179-11AA2996A69C}
	EndProjectSection
EndProject
Project("{8BC9CEB8-8B4A-11D0-8D11-00A0C91BC942}") = "libpcre", "win-i686-debug\libpcre.vcxproj", "{08DAF8E0-38EE-48B6-82E0-529434FD13DD}"
EndProject
Project("{8BC9CEB8-8B4A-11D0-8D11-00A0C91BC942}") = "libhttp", "win-i686-debug\libhttp.vcxproj", "{33599F58-7234-43DA-9964-49BEF7471AB2}"
	ProjectSection(ProjectDependencies) = postProject
		{2435E1ED-6044-43F1-B179-11AA2996A69C} = {2435E1ED-6044-43F1-B179-11AA2996A69C}
	EndProjectSection
	ProjectSection(ProjectDependencies) = postProject
		{08DAF8E0-38EE-48B6-82E0-529434FD13DD} = {08DAF8E0-38EE-48B6-82E0-529434FD13DD}
	EndProjectSection
EndProject
Project("{8BC9CEB8-8B4A-11D0-8D11-00A0C91BC942}") = "http", "win-i686-debug\http.vcxproj", "{53071F2D-2801-43E6-BBCE-8E548223D144}"
	ProjectSection(ProjectDependencies) = postProject
		{33599F58-7234-43DA-9964-49BEF7471AB2} = {33599F58-7234-43DA-9964-49BEF7471AB2}
	EndProjectSection
EndProject

Global
	GlobalSection(SolutionConfigurationPlatforms) = preSolution
		Debug|Win32 = Debug|Win32
	EndGlobalSection
	GlobalSection(ProjectConfigurationPlatforms) = postSolution
{2435E1ED-6044-43F1-B179-11AA2996A69C}.Debug|Win32.ActiveCfg = Debug|Win32
{2435E1ED-6044-43F1-B179-11AA2996A69C}.Debug|Win32.Build.0 = Debug|Win32
{CB63059E-BD52-45B2-B0AC-7E814223AF34}.Debug|Win32.ActiveCfg = Debug|Win32
{CB63059E-BD52-45B2-B0AC-7E814223AF34}.Debug|Win32.Build.0 = Debug|Win32
{08DAF8E0-38EE-48B6-82E0-529434FD13DD}.Debug|Win32.ActiveCfg = Debug|Win32
{08DAF8E0-38EE-48B6-82E0-529434FD13DD}.Debug|Win32.Build.0 = Debug|Win32
{33599F58-7234-43DA-9964-49BEF7471AB2}.Debug|Win32.ActiveCfg = Debug|Win32
{33599F58-7234-43DA-9964-49BEF7471AB2}.Debug|Win32.Build.0 = Debug|Win32
{53071F2D-2801-43E6-BBCE-8E548223D144}.Debug|Win32.ActiveCfg = Debug|Win32
{53071F2D-2801-43E6-BBCE-8E548223D144}.Debug|Win32.Build.0 = Debug|Win32
EndGlobalSection

  GlobalSection(SolutionProperties) = preSolution
    HideSolutionNode = FALSE
  EndGlobalSection
EndGlobal
