// !$*UTF8*$!
{
    archiveVersion = 1;
    classes = {
    };
    objectVersion = 46;
    objects = {

/* Begin PBXAggregateTarget section */
		741E1913741E474500000006 /* All */ = {
			isa = PBXAggregateTarget;
			buildConfigurationList = 741E1913741E474500000005 /* Build configuration list for PBXAggregateTarget "All" */;
			buildPhases = (
				
			);
			dependencies = (
				741E1913741E474500000007 /* PBXTargetDependency libmpr */,
				741E1913741E474500000008 /* PBXTargetDependency libmprssl */,
				741E1913741E474500000009 /* PBXTargetDependency makerom */,
				741E1913741E47450000000A /* PBXTargetDependency libpcre */,
				741E1913741E47450000000B /* PBXTargetDependency libhttp */,
				741E1913741E47450000000C /* PBXTargetDependency http */,
			);
			name = All;
			productName = All;
		};
		741E1913741E47450000000E /* Prep */ = {
			isa = PBXAggregateTarget;
			buildConfigurationList = 741E1913741E47450000000D /* Build configuration list for PBXAggregateTarget "Prep" */;
			buildPhases = (
				741E1913741E47450000000F,
			);
			dependencies = (
			);
			name = Prep;
			productName = Prep;
		};
/* End PBXAggregateTarget section */

/* Begin PBXBuildFile section */
		741E1913741E474500000010 /* mprLib.c in Sources */ = {isa = PBXBuildFile; fileRef = 741E1913741E474500000011 /* mprLib.c */; };
		741E1913741E474500000012 /* mprSsl.c in Sources */ = {isa = PBXBuildFile; fileRef = 741E1913741E474500000013 /* mprSsl.c */; };
		741E1913741E474500000014 /* makerom.c in Sources */ = {isa = PBXBuildFile; fileRef = 741E1913741E474500000015 /* makerom.c */; };
		741E1913741E474500000016 /* pcre.c in Sources */ = {isa = PBXBuildFile; fileRef = 741E1913741E474500000017 /* pcre.c */; };
		741E1913741E474500000018 /* auth.c in Sources */ = {isa = PBXBuildFile; fileRef = 741E1913741E474500000019 /* auth.c */; };
		741E1913741E47450000001A /* authCheck.c in Sources */ = {isa = PBXBuildFile; fileRef = 741E1913741E47450000001B /* authCheck.c */; };
		741E1913741E47450000001C /* authFile.c in Sources */ = {isa = PBXBuildFile; fileRef = 741E1913741E47450000001D /* authFile.c */; };
		741E1913741E47450000001E /* authPam.c in Sources */ = {isa = PBXBuildFile; fileRef = 741E1913741E47450000001F /* authPam.c */; };
		741E1913741E474500000020 /* cache.c in Sources */ = {isa = PBXBuildFile; fileRef = 741E1913741E474500000021 /* cache.c */; };
		741E1913741E474500000022 /* chunkFilter.c in Sources */ = {isa = PBXBuildFile; fileRef = 741E1913741E474500000023 /* chunkFilter.c */; };
		741E1913741E474500000024 /* client.c in Sources */ = {isa = PBXBuildFile; fileRef = 741E1913741E474500000025 /* client.c */; };
		741E1913741E474500000026 /* conn.c in Sources */ = {isa = PBXBuildFile; fileRef = 741E1913741E474500000027 /* conn.c */; };
		741E1913741E474500000028 /* endpoint.c in Sources */ = {isa = PBXBuildFile; fileRef = 741E1913741E474500000029 /* endpoint.c */; };
		741E1913741E47450000002A /* error.c in Sources */ = {isa = PBXBuildFile; fileRef = 741E1913741E47450000002B /* error.c */; };
		741E1913741E47450000002C /* host.c in Sources */ = {isa = PBXBuildFile; fileRef = 741E1913741E47450000002D /* host.c */; };
		741E1913741E47450000002E /* httpService.c in Sources */ = {isa = PBXBuildFile; fileRef = 741E1913741E47450000002F /* httpService.c */; };
		741E1913741E474500000030 /* log.c in Sources */ = {isa = PBXBuildFile; fileRef = 741E1913741E474500000031 /* log.c */; };
		741E1913741E474500000032 /* netConnector.c in Sources */ = {isa = PBXBuildFile; fileRef = 741E1913741E474500000033 /* netConnector.c */; };
		741E1913741E474500000034 /* packet.c in Sources */ = {isa = PBXBuildFile; fileRef = 741E1913741E474500000035 /* packet.c */; };
		741E1913741E474500000036 /* passHandler.c in Sources */ = {isa = PBXBuildFile; fileRef = 741E1913741E474500000037 /* passHandler.c */; };
		741E1913741E474500000038 /* pipeline.c in Sources */ = {isa = PBXBuildFile; fileRef = 741E1913741E474500000039 /* pipeline.c */; };
		741E1913741E47450000003A /* queue.c in Sources */ = {isa = PBXBuildFile; fileRef = 741E1913741E47450000003B /* queue.c */; };
		741E1913741E47450000003C /* rangeFilter.c in Sources */ = {isa = PBXBuildFile; fileRef = 741E1913741E47450000003D /* rangeFilter.c */; };
		741E1913741E47450000003E /* route.c in Sources */ = {isa = PBXBuildFile; fileRef = 741E1913741E47450000003F /* route.c */; };
		741E1913741E474500000040 /* rx.c in Sources */ = {isa = PBXBuildFile; fileRef = 741E1913741E474500000041 /* rx.c */; };
		741E1913741E474500000042 /* sendConnector.c in Sources */ = {isa = PBXBuildFile; fileRef = 741E1913741E474500000043 /* sendConnector.c */; };
		741E1913741E474500000044 /* stage.c in Sources */ = {isa = PBXBuildFile; fileRef = 741E1913741E474500000045 /* stage.c */; };
		741E1913741E474500000046 /* trace.c in Sources */ = {isa = PBXBuildFile; fileRef = 741E1913741E474500000047 /* trace.c */; };
		741E1913741E474500000048 /* tx.c in Sources */ = {isa = PBXBuildFile; fileRef = 741E1913741E474500000049 /* tx.c */; };
		741E1913741E47450000004A /* uploadFilter.c in Sources */ = {isa = PBXBuildFile; fileRef = 741E1913741E47450000004B /* uploadFilter.c */; };
		741E1913741E47450000004C /* uri.c in Sources */ = {isa = PBXBuildFile; fileRef = 741E1913741E47450000004D /* uri.c */; };
		741E1913741E47450000004E /* var.c in Sources */ = {isa = PBXBuildFile; fileRef = 741E1913741E47450000004F /* var.c */; };
		741E1913741E474500000050 /* http.c in Sources */ = {isa = PBXBuildFile; fileRef = 741E1913741E474500000051 /* http.c */; };
		741E1913741E474500000052 /* libmpr.dylib for libmprssl */ = {isa = PBXBuildFile; fileRef = 741E1913741E474500000053; };
		741E1913741E474500000054 /* libmpr.dylib for makerom */ = {isa = PBXBuildFile; fileRef = 741E1913741E474500000053; };
		741E1913741E474500000055 /* libmpr.dylib for libhttp */ = {isa = PBXBuildFile; fileRef = 741E1913741E474500000053; };
		741E1913741E474500000056 /* libpcre.dylib for libhttp */ = {isa = PBXBuildFile; fileRef = 741E1913741E474500000057; };
		741E1913741E474500000058 /* libmprssl.dylib for libhttp */ = {isa = PBXBuildFile; fileRef = 741E1913741E474500000059; };
		741E1913741E47450000005A /* libhttp.dylib for http */ = {isa = PBXBuildFile; fileRef = 741E1913741E47450000005B; };
		741E1913741E47450000005C /* libmpr.dylib for http */ = {isa = PBXBuildFile; fileRef = 741E1913741E474500000053; };
		741E1913741E47450000005D /* libpcre.dylib for http */ = {isa = PBXBuildFile; fileRef = 741E1913741E474500000057; };
		741E1913741E47450000005E /* libmprssl.dylib for http */ = {isa = PBXBuildFile; fileRef = 741E1913741E474500000059; };
/* End PBXBuildFile section */

/* Begin PBXContainerItemProxy section */
		741E1913741E47450000005F /* PBXContainerItemProxy Prep from libmpr */ = {
			isa = PBXContainerItemProxy;
			containerPortal = 741E1913741E474500000001 /* Project object */;
			proxyType = 1;
			remoteGlobalIDString = 741E1913741E47450000000E;
			remoteInfo = Prep;
		};
		741E1913741E474500000060 /* PBXContainerItemProxy libmpr from libmprssl */ = {
			isa = PBXContainerItemProxy;
			containerPortal = 741E1913741E474500000001 /* Project object */;
			proxyType = 1;
			remoteGlobalIDString = 741E1913741E474500000061;
			remoteInfo = libmpr;
		};
		741E1913741E474500000062 /* PBXContainerItemProxy Prep from libmprssl */ = {
			isa = PBXContainerItemProxy;
			containerPortal = 741E1913741E474500000001 /* Project object */;
			proxyType = 1;
			remoteGlobalIDString = 741E1913741E47450000000E;
			remoteInfo = Prep;
		};
		741E1913741E474500000063 /* PBXContainerItemProxy libmpr from makerom */ = {
			isa = PBXContainerItemProxy;
			containerPortal = 741E1913741E474500000001 /* Project object */;
			proxyType = 1;
			remoteGlobalIDString = 741E1913741E474500000061;
			remoteInfo = libmpr;
		};
		741E1913741E474500000064 /* PBXContainerItemProxy Prep from makerom */ = {
			isa = PBXContainerItemProxy;
			containerPortal = 741E1913741E474500000001 /* Project object */;
			proxyType = 1;
			remoteGlobalIDString = 741E1913741E47450000000E;
			remoteInfo = Prep;
		};
		741E1913741E474500000065 /* PBXContainerItemProxy Prep from libpcre */ = {
			isa = PBXContainerItemProxy;
			containerPortal = 741E1913741E474500000001 /* Project object */;
			proxyType = 1;
			remoteGlobalIDString = 741E1913741E47450000000E;
			remoteInfo = Prep;
		};
		741E1913741E474500000066 /* PBXContainerItemProxy libmpr from libhttp */ = {
			isa = PBXContainerItemProxy;
			containerPortal = 741E1913741E474500000001 /* Project object */;
			proxyType = 1;
			remoteGlobalIDString = 741E1913741E474500000061;
			remoteInfo = libmpr;
		};
		741E1913741E474500000067 /* PBXContainerItemProxy libpcre from libhttp */ = {
			isa = PBXContainerItemProxy;
			containerPortal = 741E1913741E474500000001 /* Project object */;
			proxyType = 1;
			remoteGlobalIDString = 741E1913741E474500000068;
			remoteInfo = libpcre;
		};
		741E1913741E474500000069 /* PBXContainerItemProxy libmprssl from libhttp */ = {
			isa = PBXContainerItemProxy;
			containerPortal = 741E1913741E474500000001 /* Project object */;
			proxyType = 1;
			remoteGlobalIDString = 741E1913741E47450000006A;
			remoteInfo = libmprssl;
		};
		741E1913741E47450000006B /* PBXContainerItemProxy Prep from libhttp */ = {
			isa = PBXContainerItemProxy;
			containerPortal = 741E1913741E474500000001 /* Project object */;
			proxyType = 1;
			remoteGlobalIDString = 741E1913741E47450000000E;
			remoteInfo = Prep;
		};
		741E1913741E47450000006C /* PBXContainerItemProxy libhttp from http */ = {
			isa = PBXContainerItemProxy;
			containerPortal = 741E1913741E474500000001 /* Project object */;
			proxyType = 1;
			remoteGlobalIDString = 741E1913741E47450000006D;
			remoteInfo = libhttp;
		};
		741E1913741E47450000006E /* PBXContainerItemProxy Prep from http */ = {
			isa = PBXContainerItemProxy;
			containerPortal = 741E1913741E474500000001 /* Project object */;
			proxyType = 1;
			remoteGlobalIDString = 741E1913741E47450000000E;
			remoteInfo = Prep;
		};
		741E1913741E47450000006F /* PBXContainerItemProxy libmpr from All */ = {
			isa = PBXContainerItemProxy;
			containerPortal = 741E1913741E474500000001 /* Project object */;
			proxyType = 1;
			remoteGlobalIDString = 741E1913741E474500000061;
			remoteInfo = libmpr;
		};
		741E1913741E474500000070 /* PBXContainerItemProxy libmprssl from All */ = {
			isa = PBXContainerItemProxy;
			containerPortal = 741E1913741E474500000001 /* Project object */;
			proxyType = 1;
			remoteGlobalIDString = 741E1913741E47450000006A;
			remoteInfo = libmprssl;
		};
		741E1913741E474500000071 /* PBXContainerItemProxy makerom from All */ = {
			isa = PBXContainerItemProxy;
			containerPortal = 741E1913741E474500000001 /* Project object */;
			proxyType = 1;
			remoteGlobalIDString = 741E1913741E474500000072;
			remoteInfo = makerom;
		};
		741E1913741E474500000073 /* PBXContainerItemProxy libpcre from All */ = {
			isa = PBXContainerItemProxy;
			containerPortal = 741E1913741E474500000001 /* Project object */;
			proxyType = 1;
			remoteGlobalIDString = 741E1913741E474500000068;
			remoteInfo = libpcre;
		};
		741E1913741E474500000074 /* PBXContainerItemProxy libhttp from All */ = {
			isa = PBXContainerItemProxy;
			containerPortal = 741E1913741E474500000001 /* Project object */;
			proxyType = 1;
			remoteGlobalIDString = 741E1913741E47450000006D;
			remoteInfo = libhttp;
		};
		741E1913741E474500000075 /* PBXContainerItemProxy http from All */ = {
			isa = PBXContainerItemProxy;
			containerPortal = 741E1913741E474500000001 /* Project object */;
			proxyType = 1;
			remoteGlobalIDString = 741E1913741E474500000076;
			remoteInfo = http;
		};
/* End PBXContainerItemProxy section */

/* Begin PBXFileReference section */
		741E1913741E474500000011 /* mprLib.c */ = {isa = PBXFileReference; fileEncoding = 4; lastKnownFileType = sourcecode.c.c; name = mprLib.c; path = src/deps/mpr/mprLib.c; sourceTree = "<group>"; };
		741E1913741E474500000077 /* bit.h */ = {isa = PBXFileReference; fileEncoding = 4; lastKnownFileType = sourcecode.c.h; name = bit.h; path = macosx-x64-debug/inc/bit.h; sourceTree = "<group>"; };
		741E1913741E474500000078 /* mpr.h */ = {isa = PBXFileReference; fileEncoding = 4; lastKnownFileType = sourcecode.c.h; name = mpr.h; path = macosx-x64-debug/inc/mpr.h; sourceTree = "<group>"; };
		741E1913741E474500000053 /* libmpr */ = {isa = PBXFileReference; explicitFileType = "compiled.mach-o.dylib"; includeInIndex = 0; path = libmpr.dylib; sourceTree = BUILT_PRODUCTS_DIR; };
		741E1913741E474500000013 /* mprSsl.c */ = {isa = PBXFileReference; fileEncoding = 4; lastKnownFileType = sourcecode.c.c; name = mprSsl.c; path = src/deps/mpr/mprSsl.c; sourceTree = "<group>"; };
		741E1913741E474500000059 /* libmprssl */ = {isa = PBXFileReference; explicitFileType = "compiled.mach-o.dylib"; includeInIndex = 0; path = libmprssl.dylib; sourceTree = BUILT_PRODUCTS_DIR; };
		741E1913741E474500000015 /* makerom.c */ = {isa = PBXFileReference; fileEncoding = 4; lastKnownFileType = sourcecode.c.c; name = makerom.c; path = src/deps/mpr/makerom.c; sourceTree = "<group>"; };
		741E1913741E474500000079 /* makerom */ = {isa = PBXFileReference; explicitFileType = "compiled.mach-o.executable"; includeInIndex = 0; path = makerom; sourceTree = BUILT_PRODUCTS_DIR; };
		741E1913741E474500000017 /* pcre.c */ = {isa = PBXFileReference; fileEncoding = 4; lastKnownFileType = sourcecode.c.c; name = pcre.c; path = src/deps/pcre/pcre.c; sourceTree = "<group>"; };
		741E1913741E47450000007A /* pcre.h */ = {isa = PBXFileReference; fileEncoding = 4; lastKnownFileType = sourcecode.c.h; name = pcre.h; path = macosx-x64-debug/inc/pcre.h; sourceTree = "<group>"; };
		741E1913741E474500000057 /* libpcre */ = {isa = PBXFileReference; explicitFileType = "compiled.mach-o.dylib"; includeInIndex = 0; path = libpcre.dylib; sourceTree = BUILT_PRODUCTS_DIR; };
		741E1913741E474500000019 /* auth.c */ = {isa = PBXFileReference; fileEncoding = 4; lastKnownFileType = sourcecode.c.c; name = auth.c; path = src/auth.c; sourceTree = "<group>"; };
		741E1913741E47450000007B /* http.h */ = {isa = PBXFileReference; fileEncoding = 4; lastKnownFileType = sourcecode.c.h; name = http.h; path = macosx-x64-debug/inc/http.h; sourceTree = "<group>"; };
		741E1913741E47450000001B /* authCheck.c */ = {isa = PBXFileReference; fileEncoding = 4; lastKnownFileType = sourcecode.c.c; name = authCheck.c; path = src/authCheck.c; sourceTree = "<group>"; };
		741E1913741E47450000001D /* authFile.c */ = {isa = PBXFileReference; fileEncoding = 4; lastKnownFileType = sourcecode.c.c; name = authFile.c; path = src/authFile.c; sourceTree = "<group>"; };
		741E1913741E47450000001F /* authPam.c */ = {isa = PBXFileReference; fileEncoding = 4; lastKnownFileType = sourcecode.c.c; name = authPam.c; path = src/authPam.c; sourceTree = "<group>"; };
		741E1913741E474500000021 /* cache.c */ = {isa = PBXFileReference; fileEncoding = 4; lastKnownFileType = sourcecode.c.c; name = cache.c; path = src/cache.c; sourceTree = "<group>"; };
		741E1913741E474500000023 /* chunkFilter.c */ = {isa = PBXFileReference; fileEncoding = 4; lastKnownFileType = sourcecode.c.c; name = chunkFilter.c; path = src/chunkFilter.c; sourceTree = "<group>"; };
		741E1913741E474500000025 /* client.c */ = {isa = PBXFileReference; fileEncoding = 4; lastKnownFileType = sourcecode.c.c; name = client.c; path = src/client.c; sourceTree = "<group>"; };
		741E1913741E474500000027 /* conn.c */ = {isa = PBXFileReference; fileEncoding = 4; lastKnownFileType = sourcecode.c.c; name = conn.c; path = src/conn.c; sourceTree = "<group>"; };
		741E1913741E474500000029 /* endpoint.c */ = {isa = PBXFileReference; fileEncoding = 4; lastKnownFileType = sourcecode.c.c; name = endpoint.c; path = src/endpoint.c; sourceTree = "<group>"; };
		741E1913741E47450000002B /* error.c */ = {isa = PBXFileReference; fileEncoding = 4; lastKnownFileType = sourcecode.c.c; name = error.c; path = src/error.c; sourceTree = "<group>"; };
		741E1913741E47450000002D /* host.c */ = {isa = PBXFileReference; fileEncoding = 4; lastKnownFileType = sourcecode.c.c; name = host.c; path = src/host.c; sourceTree = "<group>"; };
		741E1913741E47450000002F /* httpService.c */ = {isa = PBXFileReference; fileEncoding = 4; lastKnownFileType = sourcecode.c.c; name = httpService.c; path = src/httpService.c; sourceTree = "<group>"; };
		741E1913741E474500000031 /* log.c */ = {isa = PBXFileReference; fileEncoding = 4; lastKnownFileType = sourcecode.c.c; name = log.c; path = src/log.c; sourceTree = "<group>"; };
		741E1913741E474500000033 /* netConnector.c */ = {isa = PBXFileReference; fileEncoding = 4; lastKnownFileType = sourcecode.c.c; name = netConnector.c; path = src/netConnector.c; sourceTree = "<group>"; };
		741E1913741E474500000035 /* packet.c */ = {isa = PBXFileReference; fileEncoding = 4; lastKnownFileType = sourcecode.c.c; name = packet.c; path = src/packet.c; sourceTree = "<group>"; };
		741E1913741E474500000037 /* passHandler.c */ = {isa = PBXFileReference; fileEncoding = 4; lastKnownFileType = sourcecode.c.c; name = passHandler.c; path = src/passHandler.c; sourceTree = "<group>"; };
		741E1913741E474500000039 /* pipeline.c */ = {isa = PBXFileReference; fileEncoding = 4; lastKnownFileType = sourcecode.c.c; name = pipeline.c; path = src/pipeline.c; sourceTree = "<group>"; };
		741E1913741E47450000003B /* queue.c */ = {isa = PBXFileReference; fileEncoding = 4; lastKnownFileType = sourcecode.c.c; name = queue.c; path = src/queue.c; sourceTree = "<group>"; };
		741E1913741E47450000003D /* rangeFilter.c */ = {isa = PBXFileReference; fileEncoding = 4; lastKnownFileType = sourcecode.c.c; name = rangeFilter.c; path = src/rangeFilter.c; sourceTree = "<group>"; };
		741E1913741E47450000003F /* route.c */ = {isa = PBXFileReference; fileEncoding = 4; lastKnownFileType = sourcecode.c.c; name = route.c; path = src/route.c; sourceTree = "<group>"; };
		741E1913741E474500000041 /* rx.c */ = {isa = PBXFileReference; fileEncoding = 4; lastKnownFileType = sourcecode.c.c; name = rx.c; path = src/rx.c; sourceTree = "<group>"; };
		741E1913741E474500000043 /* sendConnector.c */ = {isa = PBXFileReference; fileEncoding = 4; lastKnownFileType = sourcecode.c.c; name = sendConnector.c; path = src/sendConnector.c; sourceTree = "<group>"; };
		741E1913741E474500000045 /* stage.c */ = {isa = PBXFileReference; fileEncoding = 4; lastKnownFileType = sourcecode.c.c; name = stage.c; path = src/stage.c; sourceTree = "<group>"; };
		741E1913741E474500000047 /* trace.c */ = {isa = PBXFileReference; fileEncoding = 4; lastKnownFileType = sourcecode.c.c; name = trace.c; path = src/trace.c; sourceTree = "<group>"; };
		741E1913741E474500000049 /* tx.c */ = {isa = PBXFileReference; fileEncoding = 4; lastKnownFileType = sourcecode.c.c; name = tx.c; path = src/tx.c; sourceTree = "<group>"; };
		741E1913741E47450000004B /* uploadFilter.c */ = {isa = PBXFileReference; fileEncoding = 4; lastKnownFileType = sourcecode.c.c; name = uploadFilter.c; path = src/uploadFilter.c; sourceTree = "<group>"; };
		741E1913741E47450000004D /* uri.c */ = {isa = PBXFileReference; fileEncoding = 4; lastKnownFileType = sourcecode.c.c; name = uri.c; path = src/uri.c; sourceTree = "<group>"; };
		741E1913741E47450000004F /* var.c */ = {isa = PBXFileReference; fileEncoding = 4; lastKnownFileType = sourcecode.c.c; name = var.c; path = src/var.c; sourceTree = "<group>"; };
		741E1913741E47450000005B /* libhttp */ = {isa = PBXFileReference; explicitFileType = "compiled.mach-o.dylib"; includeInIndex = 0; path = libhttp.dylib; sourceTree = BUILT_PRODUCTS_DIR; };
		741E1913741E474500000051 /* http.c */ = {isa = PBXFileReference; fileEncoding = 4; lastKnownFileType = sourcecode.c.c; name = http.c; path = src/utils/http.c; sourceTree = "<group>"; };
		741E1913741E47450000007C /* http */ = {isa = PBXFileReference; explicitFileType = "compiled.mach-o.executable"; includeInIndex = 0; path = http; sourceTree = BUILT_PRODUCTS_DIR; };
/* End PBXFileReference section */

/* Begin PBXFrameworksBuildPhase section */
		741E1913741E47450000007D /* Frameworks and Libraries for libmpr */ = {
            isa = PBXFrameworksBuildPhase;
            buildActionMask = 2147483647;
            files = (
				
            );
            runOnlyForDeploymentPostprocessing = 0;
        };
		741E1913741E47450000007E /* Frameworks and Libraries for libmprssl */ = {
            isa = PBXFrameworksBuildPhase;
            buildActionMask = 2147483647;
            files = (
				741E1913741E474500000052 /* libmpr */,				
            );
            runOnlyForDeploymentPostprocessing = 0;
        };
		741E1913741E47450000007F /* Frameworks and Libraries for makerom */ = {
            isa = PBXFrameworksBuildPhase;
            buildActionMask = 2147483647;
            files = (
				741E1913741E474500000054 /* libmpr */,				
            );
            runOnlyForDeploymentPostprocessing = 0;
        };
		741E1913741E474500000080 /* Frameworks and Libraries for libpcre */ = {
            isa = PBXFrameworksBuildPhase;
            buildActionMask = 2147483647;
            files = (
				
            );
            runOnlyForDeploymentPostprocessing = 0;
        };
		741E1913741E474500000081 /* Frameworks and Libraries for libhttp */ = {
            isa = PBXFrameworksBuildPhase;
            buildActionMask = 2147483647;
            files = (
				741E1913741E474500000055 /* libmpr */,
				741E1913741E474500000056 /* libpcre */,
				741E1913741E474500000058 /* libmprssl */,				
            );
            runOnlyForDeploymentPostprocessing = 0;
        };
		741E1913741E474500000082 /* Frameworks and Libraries for http */ = {
            isa = PBXFrameworksBuildPhase;
            buildActionMask = 2147483647;
            files = (
				741E1913741E47450000005A /* libhttp */,
				741E1913741E47450000005C /* libmpr */,
				741E1913741E47450000005D /* libpcre */,
				741E1913741E47450000005E /* libmprssl */,				
            );
            runOnlyForDeploymentPostprocessing = 0;
        };
/* End PBXFrameworksBuildPhase section */

/* Begin PBXGroup section */
		741E1913741E474500000083 /* Top Group */ = {
            isa = PBXGroup;
            children = (
				741E1913741E474500000084 /* libhttp */,
				741E1913741E474500000085 /* libmpr */,
				741E1913741E474500000086 /* libmprssl */,
				741E1913741E474500000087 /* libpcre */,
				741E1913741E474500000088 /* http */,
				741E1913741E474500000089 /* makerom */,
				741E1913741E47450000008A /* Products */,
			);
            sourceTree = "<group>";
        };
		741E1913741E474500000085 /* libmpr */ = {
            isa = PBXGroup;
            children = (
				741E1913741E474500000077 /* bit.h */,
				741E1913741E474500000078 /* mpr.h */,
				741E1913741E474500000011 /* mprLib.c */,
			);
            name = "libmpr";
            path = ..;
            sourceTree = SOURCE_ROOT;
        };
		741E1913741E474500000086 /* libmprssl */ = {
            isa = PBXGroup;
            children = (
				741E1913741E474500000077 /* bit.h */,
				741E1913741E474500000078 /* mpr.h */,
				741E1913741E474500000013 /* mprSsl.c */,
			);
            name = "libmprssl";
            path = ..;
            sourceTree = SOURCE_ROOT;
        };
		741E1913741E474500000089 /* makerom */ = {
            isa = PBXGroup;
            children = (
				741E1913741E474500000077 /* bit.h */,
				741E1913741E474500000078 /* mpr.h */,
				741E1913741E474500000015 /* makerom.c */,
			);
            name = "makerom";
            path = ..;
            sourceTree = SOURCE_ROOT;
        };
		741E1913741E474500000087 /* libpcre */ = {
            isa = PBXGroup;
            children = (
				741E1913741E474500000077 /* bit.h */,
				741E1913741E47450000007A /* pcre.h */,
				741E1913741E474500000017 /* pcre.c */,
			);
            name = "libpcre";
            path = ..;
            sourceTree = SOURCE_ROOT;
        };
		741E1913741E474500000084 /* libhttp */ = {
            isa = PBXGroup;
            children = (
				741E1913741E474500000077 /* bit.h */,
				741E1913741E47450000007B /* http.h */,
				741E1913741E47450000007A /* pcre.h */,
				741E1913741E474500000019 /* auth.c */,
				741E1913741E47450000001B /* authCheck.c */,
				741E1913741E47450000001D /* authFile.c */,
				741E1913741E47450000001F /* authPam.c */,
				741E1913741E474500000021 /* cache.c */,
				741E1913741E474500000023 /* chunkFilter.c */,
				741E1913741E474500000025 /* client.c */,
				741E1913741E474500000027 /* conn.c */,
				741E1913741E474500000029 /* endpoint.c */,
				741E1913741E47450000002B /* error.c */,
				741E1913741E47450000002D /* host.c */,
				741E1913741E47450000002F /* httpService.c */,
				741E1913741E474500000031 /* log.c */,
				741E1913741E474500000033 /* netConnector.c */,
				741E1913741E474500000035 /* packet.c */,
				741E1913741E474500000037 /* passHandler.c */,
				741E1913741E474500000039 /* pipeline.c */,
				741E1913741E47450000003B /* queue.c */,
				741E1913741E47450000003D /* rangeFilter.c */,
				741E1913741E47450000003F /* route.c */,
				741E1913741E474500000041 /* rx.c */,
				741E1913741E474500000043 /* sendConnector.c */,
				741E1913741E474500000045 /* stage.c */,
				741E1913741E474500000047 /* trace.c */,
				741E1913741E474500000049 /* tx.c */,
				741E1913741E47450000004B /* uploadFilter.c */,
				741E1913741E47450000004D /* uri.c */,
				741E1913741E47450000004F /* var.c */,
			);
            name = "libhttp";
            path = ..;
            sourceTree = SOURCE_ROOT;
        };
		741E1913741E474500000088 /* http */ = {
            isa = PBXGroup;
            children = (
				741E1913741E474500000077 /* bit.h */,
				741E1913741E47450000007B /* http.h */,
				741E1913741E474500000051 /* http.c */,
			);
            name = "http";
            path = ..;
            sourceTree = SOURCE_ROOT;
        };
		741E1913741E47450000008A /* Products */ = {
            isa = PBXGroup;
            children = (
				741E1913741E474500000053 /* libmpr */,
				741E1913741E474500000059 /* libmprssl */,
				741E1913741E474500000079 /* makerom */,
				741E1913741E474500000057 /* libpcre */,
				741E1913741E47450000005B /* libhttp */,
				741E1913741E47450000007C /* http */,
			);
            name = "Products";
            path = ..;
            sourceTree = SOURCE_ROOT;
        };
/* End PBXGroup section */

/* Begin PBXNativeTarget section */
		741E1913741E474500000061 /* libmpr */ = {
			isa = PBXNativeTarget;
			buildConfigurationList = 741E1913741E47450000008C /* Build configuration list for PBXNativeTarget "libmpr" */;
			buildPhases = (
				741E1913741E47450000008B /* Sources */,
				741E1913741E47450000007D /* Frameworks */,
			);
			buildRules = (
			);
			dependencies = (
				741E1913741E47450000008D /* Prep */,				
			);
			name = libmpr;
			productName = http;
			productReference = 741E1913741E474500000053 /* libmpr */;
			productType = "com.apple.product-type.library.dynamic";
		};
		741E1913741E47450000006A /* libmprssl */ = {
			isa = PBXNativeTarget;
			buildConfigurationList = 741E1913741E47450000008F /* Build configuration list for PBXNativeTarget "libmprssl" */;
			buildPhases = (
				741E1913741E47450000008E /* Sources */,
				741E1913741E47450000007E /* Frameworks */,
			);
			buildRules = (
			);
			dependencies = (
				741E1913741E474500000090 /* libmpr */,
				741E1913741E474500000091 /* Prep */,				
			);
			name = libmprssl;
			productName = http;
			productReference = 741E1913741E474500000059 /* libmprssl */;
			productType = "com.apple.product-type.library.dynamic";
		};
		741E1913741E474500000072 /* makerom */ = {
			isa = PBXNativeTarget;
			buildConfigurationList = 741E1913741E474500000093 /* Build configuration list for PBXNativeTarget "makerom" */;
			buildPhases = (
				741E1913741E474500000092 /* Sources */,
				741E1913741E47450000007F /* Frameworks */,
			);
			buildRules = (
			);
			dependencies = (
				741E1913741E474500000094 /* libmpr */,
				741E1913741E474500000095 /* Prep */,				
			);
			name = makerom;
			productName = http;
			productReference = 741E1913741E474500000079 /* makerom */;
			productType = "com.apple.product-type.tool";
		};
		741E1913741E474500000068 /* libpcre */ = {
			isa = PBXNativeTarget;
			buildConfigurationList = 741E1913741E474500000097 /* Build configuration list for PBXNativeTarget "libpcre" */;
			buildPhases = (
				741E1913741E474500000096 /* Sources */,
				741E1913741E474500000080 /* Frameworks */,
			);
			buildRules = (
			);
			dependencies = (
				741E1913741E474500000098 /* Prep */,				
			);
			name = libpcre;
			productName = http;
			productReference = 741E1913741E474500000057 /* libpcre */;
			productType = "com.apple.product-type.library.dynamic";
		};
		741E1913741E47450000006D /* libhttp */ = {
			isa = PBXNativeTarget;
			buildConfigurationList = 741E1913741E47450000009A /* Build configuration list for PBXNativeTarget "libhttp" */;
			buildPhases = (
				741E1913741E474500000099 /* Sources */,
				741E1913741E474500000081 /* Frameworks */,
			);
			buildRules = (
			);
			dependencies = (
				741E1913741E47450000009B /* libmpr */,
				741E1913741E47450000009C /* libpcre */,
				741E1913741E47450000009D /* libmprssl */,
				741E1913741E47450000009E /* Prep */,				
			);
			name = libhttp;
			productName = http;
			productReference = 741E1913741E47450000005B /* libhttp */;
			productType = "com.apple.product-type.library.dynamic";
		};
		741E1913741E474500000076 /* http */ = {
			isa = PBXNativeTarget;
			buildConfigurationList = 741E1913741E4745000000A0 /* Build configuration list for PBXNativeTarget "http" */;
			buildPhases = (
				741E1913741E47450000009F /* Sources */,
				741E1913741E474500000082 /* Frameworks */,
			);
			buildRules = (
			);
			dependencies = (
				741E1913741E4745000000A1 /* libhttp */,
				741E1913741E4745000000A2 /* Prep */,				
			);
			name = http;
			productName = http;
			productReference = 741E1913741E47450000007C /* http */;
			productType = "com.apple.product-type.tool";
		};
/* End PBXNativeTarget section */

/* Begin PBXShellScriptBuildPhase section */
		741E1913741E47450000000F /* ShellScript for Prep */ = {
			isa = PBXShellScriptBuildPhase;
			buildActionMask = 2147483647;
			files = (
			);
			inputPaths = (

			);
			outputPaths = (

			);
			runOnlyForDeploymentPostprocessing = 0;
			shellPath = /bin/bash;
			shellScript = "[ ! -x ${INC_DIR} ] && mkdir -p ${INC_DIR} ${OBJ_DIR} ${LIB_DIR} ${BIN_DIR}
[ ! -f ${INC_DIR}/bit.h ] && cp http-macosx-bit.h ${INC_DIR}/bit.h
if ! diff ${INC_DIR}/bit.h http-macosx-bit.h >/dev/null ; then
cp http-macosx-bit.h ${INC_DIR}/bit.h
fi
if [ ../src/deps/mpr/mpr.h -nt ${CFG_DIR}/inc/mpr.h ] ; then
cp ../src/deps/mpr/mpr.h ${CFG_DIR}/inc/mpr.h
fi
if [ ../src/deps/pcre/pcre.h -nt ${CFG_DIR}/inc/pcre.h ] ; then
cp ../src/deps/pcre/pcre.h ${CFG_DIR}/inc/pcre.h
fi
if [ ../src/http.h -nt ${CFG_DIR}/inc/http.h ] ; then
cp ../src/http.h ${CFG_DIR}/inc/http.h
fi";
		};
/* End PBXShellScriptBuildPhase section */

/* Begin PBXProject section */
		741E1913741E474500000001 /* Project object */ = {
			isa = PBXProject;
			attributes = {
				LastUpgradeCheck = 0430;
				ORGANIZATIONNAME = "Embedthis";
			};
			buildConfigurationList = 741E1913741E474500000002 /* Build configuration list for PBXProject "http" */;
			compatibilityVersion = "Xcode 3.2";
			developmentRegion = English;
			hasScannedForEncodings = 0;
			knownRegions = (
				en,
			);
			mainGroup = 741E1913741E474500000083;
			productRefGroup = 741E1913741E47450000008A /* Products */;
			projectDirPath = "";
			projectRoot = "";
			targets = (
				741E1913741E474500000006 /* All */,
				741E1913741E47450000000E /* Prep */,
				741E1913741E47450000006D /* libhttp */,
				741E1913741E474500000061 /* libmpr */,
				741E1913741E47450000006A /* libmprssl */,
				741E1913741E474500000068 /* libpcre */,
				741E1913741E474500000076 /* http */,
				741E1913741E474500000072 /* makerom */,
			);
		};
/* End PBXProject section */

/* Begin PBXSourcesBuildPhase section */
		741E1913741E47450000008B /* libmpr Sources */ = {
			isa = PBXSourcesBuildPhase;
			buildActionMask = 2147483647;
			files = (
				741E1913741E474500000010 /* mprLib.c in Sources */,
			);
			runOnlyForDeploymentPostprocessing = 0;
		};
		741E1913741E47450000008E /* libmprssl Sources */ = {
			isa = PBXSourcesBuildPhase;
			buildActionMask = 2147483647;
			files = (
				741E1913741E474500000012 /* mprSsl.c in Sources */,
			);
			runOnlyForDeploymentPostprocessing = 0;
		};
		741E1913741E474500000092 /* makerom Sources */ = {
			isa = PBXSourcesBuildPhase;
			buildActionMask = 2147483647;
			files = (
				741E1913741E474500000014 /* makerom.c in Sources */,
			);
			runOnlyForDeploymentPostprocessing = 0;
		};
		741E1913741E474500000096 /* libpcre Sources */ = {
			isa = PBXSourcesBuildPhase;
			buildActionMask = 2147483647;
			files = (
				741E1913741E474500000016 /* pcre.c in Sources */,
			);
			runOnlyForDeploymentPostprocessing = 0;
		};
		741E1913741E474500000099 /* libhttp Sources */ = {
			isa = PBXSourcesBuildPhase;
			buildActionMask = 2147483647;
			files = (
				741E1913741E474500000018 /* auth.c in Sources */,
				741E1913741E47450000001A /* authCheck.c in Sources */,
				741E1913741E47450000001C /* authFile.c in Sources */,
				741E1913741E47450000001E /* authPam.c in Sources */,
				741E1913741E474500000020 /* cache.c in Sources */,
				741E1913741E474500000022 /* chunkFilter.c in Sources */,
				741E1913741E474500000024 /* client.c in Sources */,
				741E1913741E474500000026 /* conn.c in Sources */,
				741E1913741E474500000028 /* endpoint.c in Sources */,
				741E1913741E47450000002A /* error.c in Sources */,
				741E1913741E47450000002C /* host.c in Sources */,
				741E1913741E47450000002E /* httpService.c in Sources */,
				741E1913741E474500000030 /* log.c in Sources */,
				741E1913741E474500000032 /* netConnector.c in Sources */,
				741E1913741E474500000034 /* packet.c in Sources */,
				741E1913741E474500000036 /* passHandler.c in Sources */,
				741E1913741E474500000038 /* pipeline.c in Sources */,
				741E1913741E47450000003A /* queue.c in Sources */,
				741E1913741E47450000003C /* rangeFilter.c in Sources */,
				741E1913741E47450000003E /* route.c in Sources */,
				741E1913741E474500000040 /* rx.c in Sources */,
				741E1913741E474500000042 /* sendConnector.c in Sources */,
				741E1913741E474500000044 /* stage.c in Sources */,
				741E1913741E474500000046 /* trace.c in Sources */,
				741E1913741E474500000048 /* tx.c in Sources */,
				741E1913741E47450000004A /* uploadFilter.c in Sources */,
				741E1913741E47450000004C /* uri.c in Sources */,
				741E1913741E47450000004E /* var.c in Sources */,
			);
			runOnlyForDeploymentPostprocessing = 0;
		};
		741E1913741E47450000009F /* http Sources */ = {
			isa = PBXSourcesBuildPhase;
			buildActionMask = 2147483647;
			files = (
				741E1913741E474500000050 /* http.c in Sources */,
			);
			runOnlyForDeploymentPostprocessing = 0;
		};
/* End PBXSourcesBuildPhase section */

/* Begin PBXTargetDependency section */
		741E1913741E47450000008D /* PBXTargetDependency libmpr depends on Prep */ = {
			isa = PBXTargetDependency;
			target = 741E1913741E47450000000E /* Prep */;
			targetProxy = 741E1913741E47450000005F /* PBXContainerItemProxy */;
		};
		741E1913741E474500000090 /* PBXTargetDependency libmprssl depends on libmpr */ = {
			isa = PBXTargetDependency;
			target = 741E1913741E474500000061 /* libmpr */;
			targetProxy = 741E1913741E474500000060 /* PBXContainerItemProxy */;
		};
		741E1913741E474500000091 /* PBXTargetDependency libmprssl depends on Prep */ = {
			isa = PBXTargetDependency;
			target = 741E1913741E47450000000E /* Prep */;
			targetProxy = 741E1913741E474500000062 /* PBXContainerItemProxy */;
		};
		741E1913741E474500000094 /* PBXTargetDependency makerom depends on libmpr */ = {
			isa = PBXTargetDependency;
			target = 741E1913741E474500000061 /* libmpr */;
			targetProxy = 741E1913741E474500000063 /* PBXContainerItemProxy */;
		};
		741E1913741E474500000095 /* PBXTargetDependency makerom depends on Prep */ = {
			isa = PBXTargetDependency;
			target = 741E1913741E47450000000E /* Prep */;
			targetProxy = 741E1913741E474500000064 /* PBXContainerItemProxy */;
		};
		741E1913741E474500000098 /* PBXTargetDependency libpcre depends on Prep */ = {
			isa = PBXTargetDependency;
			target = 741E1913741E47450000000E /* Prep */;
			targetProxy = 741E1913741E474500000065 /* PBXContainerItemProxy */;
		};
		741E1913741E47450000009B /* PBXTargetDependency libhttp depends on libmpr */ = {
			isa = PBXTargetDependency;
			target = 741E1913741E474500000061 /* libmpr */;
			targetProxy = 741E1913741E474500000066 /* PBXContainerItemProxy */;
		};
		741E1913741E47450000009C /* PBXTargetDependency libhttp depends on libpcre */ = {
			isa = PBXTargetDependency;
			target = 741E1913741E474500000068 /* libpcre */;
			targetProxy = 741E1913741E474500000067 /* PBXContainerItemProxy */;
		};
		741E1913741E47450000009D /* PBXTargetDependency libhttp depends on libmprssl */ = {
			isa = PBXTargetDependency;
			target = 741E1913741E47450000006A /* libmprssl */;
			targetProxy = 741E1913741E474500000069 /* PBXContainerItemProxy */;
		};
		741E1913741E47450000009E /* PBXTargetDependency libhttp depends on Prep */ = {
			isa = PBXTargetDependency;
			target = 741E1913741E47450000000E /* Prep */;
			targetProxy = 741E1913741E47450000006B /* PBXContainerItemProxy */;
		};
		741E1913741E4745000000A1 /* PBXTargetDependency http depends on libhttp */ = {
			isa = PBXTargetDependency;
			target = 741E1913741E47450000006D /* libhttp */;
			targetProxy = 741E1913741E47450000006C /* PBXContainerItemProxy */;
		};
		741E1913741E4745000000A2 /* PBXTargetDependency http depends on Prep */ = {
			isa = PBXTargetDependency;
			target = 741E1913741E47450000000E /* Prep */;
			targetProxy = 741E1913741E47450000006E /* PBXContainerItemProxy */;
		};
		741E1913741E474500000007 /* PBXTargetDependency All depends on libmpr */ = {
			isa = PBXTargetDependency;
			target = 741E1913741E474500000061 /* libmpr */;
			targetProxy = 741E1913741E47450000006F /* PBXContainerItemProxy */;
		};
		741E1913741E474500000008 /* PBXTargetDependency All depends on libmprssl */ = {
			isa = PBXTargetDependency;
			target = 741E1913741E47450000006A /* libmprssl */;
			targetProxy = 741E1913741E474500000070 /* PBXContainerItemProxy */;
		};
		741E1913741E474500000009 /* PBXTargetDependency All depends on makerom */ = {
			isa = PBXTargetDependency;
			target = 741E1913741E474500000072 /* makerom */;
			targetProxy = 741E1913741E474500000071 /* PBXContainerItemProxy */;
		};
		741E1913741E47450000000A /* PBXTargetDependency All depends on libpcre */ = {
			isa = PBXTargetDependency;
			target = 741E1913741E474500000068 /* libpcre */;
			targetProxy = 741E1913741E474500000073 /* PBXContainerItemProxy */;
		};
		741E1913741E47450000000B /* PBXTargetDependency All depends on libhttp */ = {
			isa = PBXTargetDependency;
			target = 741E1913741E47450000006D /* libhttp */;
			targetProxy = 741E1913741E474500000074 /* PBXContainerItemProxy */;
		};
		741E1913741E47450000000C /* PBXTargetDependency All depends on http */ = {
			isa = PBXTargetDependency;
			target = 741E1913741E474500000076 /* http */;
			targetProxy = 741E1913741E474500000075 /* PBXContainerItemProxy */;
		};
/* End PBXTargetDependency section */

/* Begin XCBuildConfiguration section */
		741E1913741E474500000003 /* Debug */ = {
			isa = XCBuildConfiguration;
			buildSettings = {

                /* Common Settings */
				ALWAYS_SEARCH_USER_PATHS = NO;
				ARCHS = "$(ARCHS_STANDARD_64_BIT)";
                CURRENT_PROJECT_VERSION = 1.0.0;
                DYLIB_COMPATIBILITY_VERSION = "$(CURRENT_PROJECT_VERSION)";
                DYLIB_CURRENT_VERSION = "$(CURRENT_PROJECT_VERSION)";
				GCC_C_LANGUAGE_STANDARD = gnu99;
				GCC_VERSION = com.apple.compilers.llvm.clang.1_0;
				GCC_WARN_ABOUT_RETURN_TYPE = YES;
                LD_DYLIB_INSTALL_NAME = "@rpath/$(EXECUTABLE_PATH)";
				MACOSX_DEPLOYMENT_TARGET = 10.7;
				SDKROOT = macosx;

                CFG_DIR = "../macosx-x64-debug";
                BIN_DIR = "../macosx-x64-debug/bin";
                LIB_DIR = "../macosx-x64-debug/bin";
                INC_DIR = "../macosx-x64-debug/inc";
                OBJ_DIR = "../macosx-x64-debug/obj";
                SRC_DIR = "..";

                CONFIGURATION_TEMP_DIR = "$(OBJ_DIR)/tmp/$(CONFIGURATION)";
                CONFIGURATION_BUILD_DIR = "$(BIN_DIR)";
                INSTALL_PATH = "/usr/lib/http";
                DSTROOT = "/tmp/http.dst";
                OBJROOT = "$(OBJ_DIR)";
                SYMROOT = "$(BIN_DIR)";
				GCC_WARN_64_TO_32_BIT_CONVERSION = YES;
				GCC_WARN_64_TO_32_BIT_CONVERSION = YES;
				GCC_WARN_UNUSED_VARIABLE = NO;
				GCC_WARN_UNUSED_FUNCTION = NO;
				GCC_WARN_UNUSED_LABEL = NO;
				GCC_WARN_64_TO_32_BIT_CONVERSION = YES;
				GCC_WARN_64_TO_32_BIT_CONVERSION = YES;
				GCC_WARN_UNUSED_VARIABLE = NO;
				GCC_WARN_UNUSED_FUNCTION = NO;
				GCC_WARN_UNUSED_LABEL = NO;

                /* Debug Settings */
				COPY_PHASE_STRIP = NO;
				GCC_OPTIMIZATION_LEVEL = 0;
				GCC_SYMBOLS_PRIVATE_EXTERN = NO;
				HEADER_SEARCH_PATHS = (
					"../macosx-x64-debug/inc",
					"../src",
					"$(inherited)"
				);

				GCC_PREPROCESSOR_DEFINITIONS = (
					"BIT_DEBUG",
						"$(inherited)"
				);
				LIBRARY_SEARCH_PATHS = (
					"../macosx-x64-debug/bin",
					"$(inherited)"
				);
				OTHER_LDFLAGS = (
					"-Wl,-rpath,@executable_path/",
					"-Wl,-rpath,@loader_path/",
					"-lpthread",
					"-lm",
					"-ldl",
					"$(inherited)"
				);

			};
			name = Debug;
		};
		741E1913741E474500000004 /* Release */ = {
			isa = XCBuildConfiguration;
			buildSettings = {

                /* Common Settings */
				ALWAYS_SEARCH_USER_PATHS = NO;
				ARCHS = "$(ARCHS_STANDARD_64_BIT)";
                CURRENT_PROJECT_VERSION = 1.0.0;
                DYLIB_COMPATIBILITY_VERSION = "$(CURRENT_PROJECT_VERSION)";
                DYLIB_CURRENT_VERSION = "$(CURRENT_PROJECT_VERSION)";
				GCC_C_LANGUAGE_STANDARD = gnu99;
				GCC_VERSION = com.apple.compilers.llvm.clang.1_0;
				GCC_WARN_ABOUT_RETURN_TYPE = YES;
                LD_DYLIB_INSTALL_NAME = "@rpath/$(EXECUTABLE_PATH)";
				MACOSX_DEPLOYMENT_TARGET = 10.7;
				SDKROOT = macosx;

                CFG_DIR = "../macosx-x64-debug";
                BIN_DIR = "../macosx-x64-debug/bin";
                LIB_DIR = "../macosx-x64-debug/bin";
                INC_DIR = "../macosx-x64-debug/inc";
                OBJ_DIR = "../macosx-x64-debug/obj";
                SRC_DIR = "..";

                CONFIGURATION_TEMP_DIR = "$(OBJ_DIR)/tmp/$(CONFIGURATION)";
                CONFIGURATION_BUILD_DIR = "$(BIN_DIR)";
                INSTALL_PATH = "/usr/lib/http";
                DSTROOT = "/tmp/http.dst";
                OBJROOT = "$(OBJ_DIR)";
                SYMROOT = "$(BIN_DIR)";
				GCC_WARN_64_TO_32_BIT_CONVERSION = YES;
				GCC_WARN_64_TO_32_BIT_CONVERSION = YES;
				GCC_WARN_UNUSED_VARIABLE = NO;
				GCC_WARN_UNUSED_FUNCTION = NO;
				GCC_WARN_UNUSED_LABEL = NO;
				GCC_WARN_64_TO_32_BIT_CONVERSION = YES;
				GCC_WARN_64_TO_32_BIT_CONVERSION = YES;
				GCC_WARN_UNUSED_VARIABLE = NO;
				GCC_WARN_UNUSED_FUNCTION = NO;
				GCC_WARN_UNUSED_LABEL = NO;

                /* Release Settings */
				COPY_PHASE_STRIP = YES;
				DEBUG_INFORMATION_FORMAT = "dwarf-with-dsym";
				GCC_OPTIMIZATION_LEVEL = s;
                GCC_WARN_UNINITIALIZED_AUTOS = NO;
				HEADER_SEARCH_PATHS = (
					"../macosx-x64-debug/inc",
					"../src",
					"$(inherited)"
				);

				GCC_PREPROCESSOR_DEFINITIONS = (
					"BIT_DEBUG",
						"$(inherited)"
				);
				LIBRARY_SEARCH_PATHS = (
					"../macosx-x64-debug/bin",
					"$(inherited)"
				);
				OTHER_LDFLAGS = (
					"-Wl,-rpath,@executable_path/",
					"-Wl,-rpath,@loader_path/",
					"-lpthread",
					"-lm",
					"-ldl",
					"$(inherited)"
				);

			};
			name = Release;
		};
		741E1913741E4745000000A3 /* Debug */ = {
			isa = XCBuildConfiguration;
			buildSettings = {
				PRODUCT_NAME = libmpr;


			};
			name = Debug;
		};
		741E1913741E4745000000A4 /* Release */ = {
			isa = XCBuildConfiguration;
			buildSettings = {
				PRODUCT_NAME = libmpr;


			};
			name = Release;
		};
		741E1913741E4745000000A5 /* Debug */ = {
			isa = XCBuildConfiguration;
			buildSettings = {
				PRODUCT_NAME = libmprssl;


			};
			name = Debug;
		};
		741E1913741E4745000000A6 /* Release */ = {
			isa = XCBuildConfiguration;
			buildSettings = {
				PRODUCT_NAME = libmprssl;


			};
			name = Release;
		};
		741E1913741E4745000000A7 /* Debug */ = {
			isa = XCBuildConfiguration;
			buildSettings = {
				PRODUCT_NAME = makerom;


			};
			name = Debug;
		};
		741E1913741E4745000000A8 /* Release */ = {
			isa = XCBuildConfiguration;
			buildSettings = {
				PRODUCT_NAME = makerom;


			};
			name = Release;
		};
		741E1913741E4745000000A9 /* Debug */ = {
			isa = XCBuildConfiguration;
			buildSettings = {
				PRODUCT_NAME = libpcre;

				GCC_PREPROCESSOR_DEFINITIONS = (
					"PCRE_CHAR=char",
						"$(inherited)"
				);
			};
			name = Debug;
		};
		741E1913741E4745000000AA /* Release */ = {
			isa = XCBuildConfiguration;
			buildSettings = {
				PRODUCT_NAME = libpcre;

				GCC_PREPROCESSOR_DEFINITIONS = (
					"PCRE_CHAR=char",
						"$(inherited)"
				);
			};
			name = Release;
		};
		741E1913741E4745000000AB /* Debug */ = {
			isa = XCBuildConfiguration;
			buildSettings = {
				PRODUCT_NAME = libhttp;

				OTHER_LDFLAGS = (
					"-lpam",
					"-lpam",
					"-lpam",
					"$(inherited)"
				);

			};
			name = Debug;
		};
		741E1913741E4745000000AC /* Release */ = {
			isa = XCBuildConfiguration;
			buildSettings = {
				PRODUCT_NAME = libhttp;

				OTHER_LDFLAGS = (
					"-lpam",
					"-lpam",
					"-lpam",
					"$(inherited)"
				);

			};
			name = Release;
		};
		741E1913741E4745000000AD /* Debug */ = {
			isa = XCBuildConfiguration;
			buildSettings = {
				PRODUCT_NAME = http;


			};
			name = Debug;
		};
		741E1913741E4745000000AE /* Release */ = {
			isa = XCBuildConfiguration;
			buildSettings = {
				PRODUCT_NAME = http;


			};
			name = Release;
		};
		741E1913741E4745000000AF /* Debug */ = {
			isa = XCBuildConfiguration;
			buildSettings = {
				PRODUCT_NAME = All;


			};
			name = Debug;
		};
		741E1913741E4745000000B0 /* Release */ = {
			isa = XCBuildConfiguration;
			buildSettings = {
				PRODUCT_NAME = All;


			};
			name = Release;
		};
		741E1913741E4745000000B1 /* Debug */ = {
			isa = XCBuildConfiguration;
			buildSettings = {
				PRODUCT_NAME = Prep;


			};
			name = Debug;
		};
		741E1913741E4745000000B2 /* Release */ = {
			isa = XCBuildConfiguration;
			buildSettings = {
				PRODUCT_NAME = Prep;


			};
			name = Release;
		};
/* End XCBuildConfiguration section */

/* Begin XCConfigurationList section */
		741E1913741E474500000002 /* Build configuration list for PBXProject "http" */ = {
			isa = XCConfigurationList;
			buildConfigurations = (
				741E1913741E474500000003 /* Debug */,
				741E1913741E474500000004 /* Release */,
			);
			defaultConfigurationIsVisible = 0;
			defaultConfigurationName = Release;
		};
		741E1913741E47450000008C /* Build configuration list for PBXNativeTarget "libmpr" */ = {
			isa = XCConfigurationList;
			buildConfigurations = (
				741E1913741E4745000000A3 /* Debug */,
				741E1913741E4745000000A4 /* Release */,
			);
			defaultConfigurationIsVisible = 0;
			defaultConfigurationName = Release;
		};
		741E1913741E47450000008F /* Build configuration list for PBXNativeTarget "libmprssl" */ = {
			isa = XCConfigurationList;
			buildConfigurations = (
				741E1913741E4745000000A5 /* Debug */,
				741E1913741E4745000000A6 /* Release */,
			);
			defaultConfigurationIsVisible = 0;
			defaultConfigurationName = Release;
		};
		741E1913741E474500000093 /* Build configuration list for PBXNativeTarget "makerom" */ = {
			isa = XCConfigurationList;
			buildConfigurations = (
				741E1913741E4745000000A7 /* Debug */,
				741E1913741E4745000000A8 /* Release */,
			);
			defaultConfigurationIsVisible = 0;
			defaultConfigurationName = Release;
		};
		741E1913741E474500000097 /* Build configuration list for PBXNativeTarget "libpcre" */ = {
			isa = XCConfigurationList;
			buildConfigurations = (
				741E1913741E4745000000A9 /* Debug */,
				741E1913741E4745000000AA /* Release */,
			);
			defaultConfigurationIsVisible = 0;
			defaultConfigurationName = Release;
		};
		741E1913741E47450000009A /* Build configuration list for PBXNativeTarget "libhttp" */ = {
			isa = XCConfigurationList;
			buildConfigurations = (
				741E1913741E4745000000AB /* Debug */,
				741E1913741E4745000000AC /* Release */,
			);
			defaultConfigurationIsVisible = 0;
			defaultConfigurationName = Release;
		};
		741E1913741E4745000000A0 /* Build configuration list for PBXNativeTarget "http" */ = {
			isa = XCConfigurationList;
			buildConfigurations = (
				741E1913741E4745000000AD /* Debug */,
				741E1913741E4745000000AE /* Release */,
			);
			defaultConfigurationIsVisible = 0;
			defaultConfigurationName = Release;
		};
		741E1913741E474500000005 /* Build configuration list for PBXNativeTarget "All" */ = {
			isa = XCConfigurationList;
			buildConfigurations = (
				741E1913741E4745000000AF /* Debug */,
				741E1913741E4745000000B0 /* Release */,
			);
			defaultConfigurationIsVisible = 0;
			defaultConfigurationName = Release;
		};
		741E1913741E47450000000D /* Build configuration list for PBXNativeTarget "Prep" */ = {
			isa = XCConfigurationList;
			buildConfigurations = (
				741E1913741E4745000000B1 /* Debug */,
				741E1913741E4745000000B2 /* Release */,
			);
			defaultConfigurationIsVisible = 0;
			defaultConfigurationName = Release;
		};
/* End XCConfigurationList section */
	};
	rootObject = 741E1913741E474500000001 /* Project object */;
}
