
Microsoft Visual Studio Solution File, Format Version 11.00
# Visual Studio 2010
Project("{8BC9CEB8-8B4A-11D0-8D11-00A0C91BC942}") = "http", "http.vcxproj", "{EBE99908-1133-4010-B8EE-2F4B0D4677EA}"
	ProjectSection(ProjectDependencies) = postProject
		{AAD557A7-38A1-4A5C-8FEF-6FCE3818AE57} = {AAD557A7-38A1-4A5C-8FEF-6FCE3818AE57}
		{1CF7E3E8-7917-4858-AB0D-F0D6A26388CF} = {1CF7E3E8-7917-4858-AB0D-F0D6A26388CF}
		{99FE1FF4-3CCF-4428-A551-FAA3070A602E} = {99FE1FF4-3CCF-4428-A551-FAA3070A602E}
	EndProjectSection
EndProject
Project("{8BC9CEB8-8B4A-11D0-8D11-00A0C91BC942}") = "libhttp", "libhttp.vcxproj", "{AAD557A7-38A1-4A5C-8FEF-6FCE3818AE57}"
	ProjectSection(ProjectDependencies) = postProject
		{1CF7E3E8-7917-4858-AB0D-F0D6A26388CF} = {1CF7E3E8-7917-4858-AB0D-F0D6A26388CF}
		{99FE1FF4-3CCF-4428-A551-FAA3070A602E} = {99FE1FF4-3CCF-4428-A551-FAA3070A602E}
	EndProjectSection
EndProject
Project("{8BC9CEB8-8B4A-11D0-8D11-00A0C91BC942}") = "libmpr", "libmpr.vcxproj", "{99FE1FF4-3CCF-4428-A551-FAA3070A602E}"
EndProject
Project("{8BC9CEB8-8B4A-11D0-8D11-00A0C91BC942}") = "libmprssl", "libmprssl.vcxproj", "{1CF7E3E8-7917-4858-AB0D-F0D6A26388CF}"
	ProjectSection(ProjectDependencies) = postProject
		{99FE1FF4-3CCF-4428-A551-FAA3070A602E} = {99FE1FF4-3CCF-4428-A551-FAA3070A602E}
	EndProjectSection
EndProject
Project("{8BC9CEB8-8B4A-11D0-8D11-00A0C91BC942}") = "testHttp", "testHttp.vcxproj", "{AB3DFB88-4078-448A-A964-400864866F34}"
	ProjectSection(ProjectDependencies) = postProject
		{AAD557A7-38A1-4A5C-8FEF-6FCE3818AE57} = {AAD557A7-38A1-4A5C-8FEF-6FCE3818AE57}
		{1CF7E3E8-7917-4858-AB0D-F0D6A26388CF} = {1CF7E3E8-7917-4858-AB0D-F0D6A26388CF}
		{99FE1FF4-3CCF-4428-A551-FAA3070A602E} = {99FE1FF4-3CCF-4428-A551-FAA3070A602E}
	EndProjectSection
EndProject
Global
	GlobalSection(SolutionConfigurationPlatforms) = preSolution
		Debug|Win32 = Debug|Win32
		Release|Win32 = Release|Win32
	EndGlobalSection
	GlobalSection(ProjectConfigurationPlatforms) = postSolution
		{EBE99908-1133-4010-B8EE-2F4B0D4677EA}.Debug|Win32.ActiveCfg = Debug|Win32
		{EBE99908-1133-4010-B8EE-2F4B0D4677EA}.Debug|Win32.Build.0 = Debug|Win32
		{EBE99908-1133-4010-B8EE-2F4B0D4677EA}.Release|Win32.ActiveCfg = Release|Win32
		{EBE99908-1133-4010-B8EE-2F4B0D4677EA}.Release|Win32.Build.0 = Release|Win32
		{AAD557A7-38A1-4A5C-8FEF-6FCE3818AE57}.Debug|Win32.ActiveCfg = Debug|Win32
		{AAD557A7-38A1-4A5C-8FEF-6FCE3818AE57}.Debug|Win32.Build.0 = Debug|Win32
		{AAD557A7-38A1-4A5C-8FEF-6FCE3818AE57}.Release|Win32.ActiveCfg = Release|Win32
		{AAD557A7-38A1-4A5C-8FEF-6FCE3818AE57}.Release|Win32.Build.0 = Release|Win32
		{99FE1FF4-3CCF-4428-A551-FAA3070A602E}.Debug|Win32.ActiveCfg = Debug|Win32
		{99FE1FF4-3CCF-4428-A551-FAA3070A602E}.Debug|Win32.Build.0 = Debug|Win32
		{99FE1FF4-3CCF-4428-A551-FAA3070A602E}.Release|Win32.ActiveCfg = Release|Win32
		{99FE1FF4-3CCF-4428-A551-FAA3070A602E}.Release|Win32.Build.0 = Release|Win32
		{1CF7E3E8-7917-4858-AB0D-F0D6A26388CF}.Debug|Win32.ActiveCfg = Debug|Win32
		{1CF7E3E8-7917-4858-AB0D-F0D6A26388CF}.Debug|Win32.Build.0 = Debug|Win32
		{1CF7E3E8-7917-4858-AB0D-F0D6A26388CF}.Release|Win32.ActiveCfg = Release|Win32
		{1CF7E3E8-7917-4858-AB0D-F0D6A26388CF}.Release|Win32.Build.0 = Release|Win32
		{AB3DFB88-4078-448A-A964-400864866F34}.Debug|Win32.ActiveCfg = Debug|Win32
		{AB3DFB88-4078-448A-A964-400864866F34}.Debug|Win32.Build.0 = Debug|Win32
		{AB3DFB88-4078-448A-A964-400864866F34}.Release|Win32.ActiveCfg = Release|Win32
		{AB3DFB88-4078-448A-A964-400864866F34}.Release|Win32.Build.0 = Release|Win32
	EndGlobalSection
	GlobalSection(SolutionProperties) = preSolution
		HideSolutionNode = FALSE
	EndGlobalSection
EndGlobal
